
Microsoft Visual Studio Solution File, Format Version 12.00
# Visual Studio 15
Project("{FAE04EC0-301F-11D3-BF4B-00C04F79EFBC}") = "Assembly-CSharp", "Assembly-CSharp.csproj", "{EB455D8C-0A5B-36ED-85D0-624B5D1DA0AE}"
EndProject
Global
	GlobalSection(SolutionConfigurationPlatforms) = preSolution
		Debug|Any CPU = Debug|Any CPU
		Release|Any CPU = Release|Any CPU
	EndGlobalSection
	GlobalSection(ProjectConfigurationPlatforms) = postSolution
		{EB455D8C-0A5B-36ED-85D0-624B5D1DA0AE}.Debug|Any CPU.ActiveCfg = Debug|Any CPU
		{EB455D8C-0A5B-36ED-85D0-624B5D1DA0AE}.Debug|Any CPU.Build.0 = Debug|Any CPU
		{EB455D8C-0A5B-36ED-85D0-624B5D1DA0AE}.Release|Any CPU.ActiveCfg = Release|Any CPU
		{EB455D8C-0A5B-36ED-85D0-624B5D1DA0AE}.Release|Any CPU.Build.0 = Release|Any CPU
	EndGlobalSection
	GlobalSection(SolutionProperties) = preSolution
		HideSolutionNode = FALSE
	EndGlobalSection
EndGlobal
